
Microsoft Visual Studio Solution File, Format Version 12.00
# Visual Studio 15
VisualStudioVersion = 15.0.28010.2026
MinimumVisualStudioVersion = 10.0.40219.1
Project("{FAE04EC0-301F-11D3-BF4B-00C04F79EFBC}") = "git1", "git1\git1.csproj", "{31069EF0-0E44-498F-8649-10C1E2F606AF}"
EndProject
Global
	GlobalSection(SolutionConfigurationPlatforms) = preSolution
		Debug|Any CPU = Debug|Any CPU
		Release|Any CPU = Release|Any CPU
	EndGlobalSection
	GlobalSection(ProjectConfigurationPlatforms) = postSolution
		{31069EF0-0E44-498F-8649-10C1E2F606AF}.Debug|Any CPU.ActiveCfg = Debug|Any CPU
		{31069EF0-0E44-498F-8649-10C1E2F606AF}.Debug|Any CPU.Build.0 = Debug|Any CPU
		{31069EF0-0E44-498F-8649-10C1E2F606AF}.Release|Any CPU.ActiveCfg = Release|Any CPU
		{31069EF0-0E44-498F-8649-10C1E2F606AF}.Release|Any CPU.Build.0 = Release|Any CPU
	EndGlobalSection
	GlobalSection(SolutionProperties) = preSolution
		HideSolutionNode = FALSE
	EndGlobalSection
	GlobalSection(ExtensibilityGlobals) = postSolution
		SolutionGuid = {AA36C4E4-4F53-41FF-A541-613BD87AE6E2}
	EndGlobalSection
EndGlobal
